
Microsoft Visual Studio Solution File, Format Version 12.00
# Visual Studio Version 16
VisualStudioVersion = 16.0.33920.266
MinimumVisualStudioVersion = 10.0.40219.1
Project("{E24C65DC-7377-472B-9ABA-BC803B73C61A}") = "Deloitte_TVS_VAC", ".", "{FD6381E4-CB28-4643-AAE7-472BAFB31BEF}"
	ProjectSection(WebsiteProperties) = preProject
		TargetFrameworkMoniker = ".NETFramework,Version%3Dv4.7.2"
		Debug.AspNetCompiler.VirtualPath = "/localhost_54271"
		Debug.AspNetCompiler.PhysicalPath = "..\Deloitte_TVS_VAC\"
		Debug.AspNetCompiler.TargetPath = "PrecompiledWeb\localhost_54271\"
		Debug.AspNetCompiler.Updateable = "true"
		Debug.AspNetCompiler.ForceOverwrite = "true"
		Debug.AspNetCompiler.FixedNames = "false"
		Debug.AspNetCompiler.Debug = "True"
		Release.AspNetCompiler.VirtualPath = "/localhost_54271"
		Release.AspNetCompiler.PhysicalPath = "..\Deloitte_TVS_VAC\"
		Release.AspNetCompiler.TargetPath = "PrecompiledWeb\localhost_54271\"
		Release.AspNetCompiler.Updateable = "true"
		Release.AspNetCompiler.ForceOverwrite = "true"
		Release.AspNetCompiler.FixedNames = "false"
		Release.AspNetCompiler.Debug = "False"
		VWDPort = "54271"
		SlnRelativePath = "..\Deloitte_TVS_VAC\"
	EndProjectSection
EndProject
Global
	GlobalSection(SolutionConfigurationPlatforms) = preSolution
		Debug|Any CPU = Debug|Any CPU
	EndGlobalSection
	GlobalSection(ProjectConfigurationPlatforms) = postSolution
		{FD6381E4-CB28-4643-AAE7-472BAFB31BEF}.Debug|Any CPU.ActiveCfg = Debug|Any CPU
		{FD6381E4-CB28-4643-AAE7-472BAFB31BEF}.Debug|Any CPU.Build.0 = Debug|Any CPU
	EndGlobalSection
	GlobalSection(SolutionProperties) = preSolution
		HideSolutionNode = FALSE
	EndGlobalSection
	GlobalSection(ExtensibilityGlobals) = postSolution
		SolutionGuid = {F9FB405C-FAC9-4000-8BBD-9CB21FB7FBE2}
	EndGlobalSection
EndGlobal
